
Microsoft Visual Studio Solution File, Format Version 12.00
# Visual Studio 15
VisualStudioVersion = 15.0.26403.3
MinimumVisualStudioVersion = 10.0.40219.1
Project("{FAE04EC0-301F-11D3-BF4B-00C04F79EFBC}") = "ToSic.Eav", "ToSic.Eav\ToSic.Eav.csproj", "{CF3B9349-8C66-4901-8EDB-A4EC1D75326B}"
EndProject
Project("{FAE04EC0-301F-11D3-BF4B-00C04F79EFBC}") = "ToSic.Eav.UnitTests", "ToSic.Eav.UnitTests\ToSic.Eav.UnitTests.csproj", "{7BC8FCDD-6381-4ADF-92E2-384D1AADC882}"
EndProject
Project("{FAE04EC0-301F-11D3-BF4B-00C04F79EFBC}") = "ToSic.Eav.Core", "ToSic.Eav.Core\ToSic.Eav.Core.csproj", "{82F94588-269B-4CDD-98D1-D5CB14C39090}"
EndProject
Project("{FAE04EC0-301F-11D3-BF4B-00C04F79EFBC}") = "ToSic.Eav.DataSources", "ToSic.Eav.DataSources\ToSic.Eav.DataSources.csproj", "{DAAE8E21-CA5F-400B-9F5A-5E4E1196B21B}"
EndProject
Project("{FAE04EC0-301F-11D3-BF4B-00C04F79EFBC}") = "ToSic.Eav.ImportExport", "ToSic.Eav.ImportExport\ToSic.Eav.ImportExport.csproj", "{5A75CD35-99F4-4CF0-944A-DC0F5D68B430}"
EndProject
Project("{FAE04EC0-301F-11D3-BF4B-00C04F79EFBC}") = "ToSic.Eav.TokenEngine", "ToSic.Eav.Tokens\ToSic.Eav.TokenEngine.csproj", "{2A81F269-8CCA-4AFD-A85F-82B1C2343965}"
EndProject
Project("{FAE04EC0-301F-11D3-BF4B-00C04F79EFBC}") = "ToSic.Eav.WebApi", "ToSic.Eav.WebApi\ToSic.Eav.WebApi.csproj", "{F93F5FB1-95A6-4C4B-BDCF-B001E82F766F}"
EndProject
Project("{FAE04EC0-301F-11D3-BF4B-00C04F79EFBC}") = "ToSic.Eav.Ui", "..\eav\ToSic.Eav.Ui.csproj", "{B0E86C3B-C791-4544-9B81-707F28196680}"
EndProject
Project("{FAE04EC0-301F-11D3-BF4B-00C04F79EFBC}") = "ToSic.Eav.DataSources.Tests", "ToSic.Eav.DataSources.Tests\ToSic.Eav.DataSources.Tests.csproj", "{C212A78C-25BB-4A77-AFBB-B5939352CE36}"
EndProject
Project("{FAE04EC0-301F-11D3-BF4B-00C04F79EFBC}") = "ToSic.Eav.Apps", "ToSic.Eav.AppEngine\ToSic.Eav.Apps.csproj", "{FA1B4495-6B85-400F-A5E3-0E292CCBFAE2}"
EndProject
Project("{9A19103F-16F7-4668-BE54-9A1E7A4F7556}") = "ToSic.Eav.Persistence.Efc", "ToSic.Eav.Persistence.EFC11\ToSic.Eav.Persistence.Efc.csproj", "{0B6F21C6-E066-419E-9A6B-C34FFD668A16}"
EndProject
Project("{FAE04EC0-301F-11D3-BF4B-00C04F79EFBC}") = "ToSic.Eav.Persistence.Efc.Tests", "ToSic.Eav.Persistence.EFC11.Tests\ToSic.Eav.Persistence.Efc.Tests.csproj", "{EB8491A7-4147-4A18-AC74-CD1BE957FF48}"
EndProject
Project("{FAE04EC0-301F-11D3-BF4B-00C04F79EFBC}") = "2SexyContent WebApi", "..\2SexyContent\Web\DesktopModules\ToSIC_SexyContent\Sxc WebApi\2SexyContent WebApi.csproj", "{2F0610DE-2518-4FC8-823E-7228DD17C04F}"
EndProject
Project("{FAE04EC0-301F-11D3-BF4B-00C04F79EFBC}") = "2Sexy Content Razor", "..\2SexyContent\Web\DesktopModules\ToSIC_SexyContent\2Sexy Content Razor\2Sexy Content Razor.csproj", "{78A558AF-F274-4E3C-95FE-8DE9226E0EBC}"
EndProject
Project("{FAE04EC0-301F-11D3-BF4B-00C04F79EFBC}") = "2Sexy Content", "..\2SexyContent\Web\DesktopModules\ToSIC_SexyContent\2Sexy Content.csproj", "{D4250011-B9BE-4326-9736-4F0122C79802}"
EndProject
Project("{FAE04EC0-301F-11D3-BF4B-00C04F79EFBC}") = "ToSic.Eav.Repository.Efc", "ToSic.Eav.Repository.Efc\ToSic.Eav.Repository.Efc.csproj", "{2BBA13D2-F6D2-443B-B7C8-8F4C31432C03}"
EndProject
Project("{FAE04EC0-301F-11D3-BF4B-00C04F79EFBC}") = "ToSic.Eav.Repository.Efc.Tests", "ToSic.Eav.Repository.Efc.Tests\ToSic.Eav.Repository.Efc.Tests.csproj", "{F989FE10-C84A-4B18-AAA7-4665EC85B059}"
EndProject
Global
	GlobalSection(SolutionConfigurationPlatforms) = preSolution
		debug eav only|Any CPU = debug eav only|Any CPU
		Debug|Any CPU = Debug|Any CPU
		Release|Any CPU = Release|Any CPU
	EndGlobalSection
	GlobalSection(ProjectConfigurationPlatforms) = postSolution
		{CF3B9349-8C66-4901-8EDB-A4EC1D75326B}.debug eav only|Any CPU.ActiveCfg = debug eav only|Any CPU
		{CF3B9349-8C66-4901-8EDB-A4EC1D75326B}.debug eav only|Any CPU.Build.0 = debug eav only|Any CPU
		{CF3B9349-8C66-4901-8EDB-A4EC1D75326B}.Debug|Any CPU.ActiveCfg = Debug|Any CPU
		{CF3B9349-8C66-4901-8EDB-A4EC1D75326B}.Debug|Any CPU.Build.0 = Debug|Any CPU
		{CF3B9349-8C66-4901-8EDB-A4EC1D75326B}.Release|Any CPU.ActiveCfg = Release|Any CPU
		{CF3B9349-8C66-4901-8EDB-A4EC1D75326B}.Release|Any CPU.Build.0 = Release|Any CPU
		{7BC8FCDD-6381-4ADF-92E2-384D1AADC882}.debug eav only|Any CPU.ActiveCfg = debug eav only|Any CPU
		{7BC8FCDD-6381-4ADF-92E2-384D1AADC882}.Debug|Any CPU.ActiveCfg = Debug|Any CPU
		{7BC8FCDD-6381-4ADF-92E2-384D1AADC882}.Debug|Any CPU.Build.0 = Debug|Any CPU
		{7BC8FCDD-6381-4ADF-92E2-384D1AADC882}.Release|Any CPU.ActiveCfg = Release|Any CPU
		{82F94588-269B-4CDD-98D1-D5CB14C39090}.debug eav only|Any CPU.ActiveCfg = debug eav only|Any CPU
		{82F94588-269B-4CDD-98D1-D5CB14C39090}.debug eav only|Any CPU.Build.0 = debug eav only|Any CPU
		{82F94588-269B-4CDD-98D1-D5CB14C39090}.Debug|Any CPU.ActiveCfg = Debug|Any CPU
		{82F94588-269B-4CDD-98D1-D5CB14C39090}.Debug|Any CPU.Build.0 = Debug|Any CPU
		{82F94588-269B-4CDD-98D1-D5CB14C39090}.Release|Any CPU.ActiveCfg = Release|Any CPU
		{82F94588-269B-4CDD-98D1-D5CB14C39090}.Release|Any CPU.Build.0 = Release|Any CPU
		{DAAE8E21-CA5F-400B-9F5A-5E4E1196B21B}.debug eav only|Any CPU.ActiveCfg = debug eav only|Any CPU
		{DAAE8E21-CA5F-400B-9F5A-5E4E1196B21B}.debug eav only|Any CPU.Build.0 = debug eav only|Any CPU
		{DAAE8E21-CA5F-400B-9F5A-5E4E1196B21B}.Debug|Any CPU.ActiveCfg = Debug|Any CPU
		{DAAE8E21-CA5F-400B-9F5A-5E4E1196B21B}.Debug|Any CPU.Build.0 = Debug|Any CPU
		{DAAE8E21-CA5F-400B-9F5A-5E4E1196B21B}.Release|Any CPU.ActiveCfg = Release|Any CPU
		{DAAE8E21-CA5F-400B-9F5A-5E4E1196B21B}.Release|Any CPU.Build.0 = Release|Any CPU
		{5A75CD35-99F4-4CF0-944A-DC0F5D68B430}.debug eav only|Any CPU.ActiveCfg = debug eav only|Any CPU
		{5A75CD35-99F4-4CF0-944A-DC0F5D68B430}.debug eav only|Any CPU.Build.0 = debug eav only|Any CPU
		{5A75CD35-99F4-4CF0-944A-DC0F5D68B430}.Debug|Any CPU.ActiveCfg = Debug|Any CPU
		{5A75CD35-99F4-4CF0-944A-DC0F5D68B430}.Debug|Any CPU.Build.0 = Debug|Any CPU
		{5A75CD35-99F4-4CF0-944A-DC0F5D68B430}.Release|Any CPU.ActiveCfg = Release|Any CPU
		{5A75CD35-99F4-4CF0-944A-DC0F5D68B430}.Release|Any CPU.Build.0 = Release|Any CPU
		{2A81F269-8CCA-4AFD-A85F-82B1C2343965}.debug eav only|Any CPU.ActiveCfg = debug eav only|Any CPU
		{2A81F269-8CCA-4AFD-A85F-82B1C2343965}.debug eav only|Any CPU.Build.0 = debug eav only|Any CPU
		{2A81F269-8CCA-4AFD-A85F-82B1C2343965}.Debug|Any CPU.ActiveCfg = Debug|Any CPU
		{2A81F269-8CCA-4AFD-A85F-82B1C2343965}.Debug|Any CPU.Build.0 = Debug|Any CPU
		{2A81F269-8CCA-4AFD-A85F-82B1C2343965}.Release|Any CPU.ActiveCfg = Release|Any CPU
		{2A81F269-8CCA-4AFD-A85F-82B1C2343965}.Release|Any CPU.Build.0 = Release|Any CPU
		{F93F5FB1-95A6-4C4B-BDCF-B001E82F766F}.debug eav only|Any CPU.ActiveCfg = debug eav only|Any CPU
		{F93F5FB1-95A6-4C4B-BDCF-B001E82F766F}.debug eav only|Any CPU.Build.0 = debug eav only|Any CPU
		{F93F5FB1-95A6-4C4B-BDCF-B001E82F766F}.Debug|Any CPU.ActiveCfg = Debug|Any CPU
		{F93F5FB1-95A6-4C4B-BDCF-B001E82F766F}.Debug|Any CPU.Build.0 = Debug|Any CPU
		{F93F5FB1-95A6-4C4B-BDCF-B001E82F766F}.Release|Any CPU.ActiveCfg = Release|Any CPU
		{F93F5FB1-95A6-4C4B-BDCF-B001E82F766F}.Release|Any CPU.Build.0 = Release|Any CPU
		{B0E86C3B-C791-4544-9B81-707F28196680}.debug eav only|Any CPU.ActiveCfg = Debug|Any CPU
		{B0E86C3B-C791-4544-9B81-707F28196680}.Debug|Any CPU.ActiveCfg = Debug|Any CPU
		{B0E86C3B-C791-4544-9B81-707F28196680}.Release|Any CPU.ActiveCfg = Release|Any CPU
		{C212A78C-25BB-4A77-AFBB-B5939352CE36}.debug eav only|Any CPU.ActiveCfg = debug eav only|Any CPU
		{C212A78C-25BB-4A77-AFBB-B5939352CE36}.Debug|Any CPU.ActiveCfg = Debug|Any CPU
		{C212A78C-25BB-4A77-AFBB-B5939352CE36}.Debug|Any CPU.Build.0 = Debug|Any CPU
		{C212A78C-25BB-4A77-AFBB-B5939352CE36}.Release|Any CPU.ActiveCfg = Release|Any CPU
		{FA1B4495-6B85-400F-A5E3-0E292CCBFAE2}.debug eav only|Any CPU.ActiveCfg = debug eav only|Any CPU
		{FA1B4495-6B85-400F-A5E3-0E292CCBFAE2}.debug eav only|Any CPU.Build.0 = debug eav only|Any CPU
		{FA1B4495-6B85-400F-A5E3-0E292CCBFAE2}.Debug|Any CPU.ActiveCfg = Debug|Any CPU
		{FA1B4495-6B85-400F-A5E3-0E292CCBFAE2}.Debug|Any CPU.Build.0 = Debug|Any CPU
		{FA1B4495-6B85-400F-A5E3-0E292CCBFAE2}.Release|Any CPU.ActiveCfg = Release|Any CPU
		{FA1B4495-6B85-400F-A5E3-0E292CCBFAE2}.Release|Any CPU.Build.0 = Release|Any CPU
		{0B6F21C6-E066-419E-9A6B-C34FFD668A16}.debug eav only|Any CPU.ActiveCfg = debug eav only|Any CPU
		{0B6F21C6-E066-419E-9A6B-C34FFD668A16}.debug eav only|Any CPU.Build.0 = debug eav only|Any CPU
		{0B6F21C6-E066-419E-9A6B-C34FFD668A16}.Debug|Any CPU.ActiveCfg = Debug|Any CPU
		{0B6F21C6-E066-419E-9A6B-C34FFD668A16}.Debug|Any CPU.Build.0 = Debug|Any CPU
		{0B6F21C6-E066-419E-9A6B-C34FFD668A16}.Release|Any CPU.ActiveCfg = Release|Any CPU
		{0B6F21C6-E066-419E-9A6B-C34FFD668A16}.Release|Any CPU.Build.0 = Release|Any CPU
		{EB8491A7-4147-4A18-AC74-CD1BE957FF48}.debug eav only|Any CPU.ActiveCfg = debug eav only|Any CPU
		{EB8491A7-4147-4A18-AC74-CD1BE957FF48}.Debug|Any CPU.ActiveCfg = Debug|Any CPU
		{EB8491A7-4147-4A18-AC74-CD1BE957FF48}.Debug|Any CPU.Build.0 = Debug|Any CPU
		{EB8491A7-4147-4A18-AC74-CD1BE957FF48}.Release|Any CPU.ActiveCfg = Release|Any CPU
		{EB8491A7-4147-4A18-AC74-CD1BE957FF48}.Release|Any CPU.Build.0 = Release|Any CPU
		{2F0610DE-2518-4FC8-823E-7228DD17C04F}.debug eav only|Any CPU.ActiveCfg = debug eav only|Any CPU
		{2F0610DE-2518-4FC8-823E-7228DD17C04F}.Debug|Any CPU.ActiveCfg = Debug|Any CPU
		{2F0610DE-2518-4FC8-823E-7228DD17C04F}.Debug|Any CPU.Build.0 = Debug|Any CPU
		{2F0610DE-2518-4FC8-823E-7228DD17C04F}.Release|Any CPU.ActiveCfg = Release|Any CPU
		{2F0610DE-2518-4FC8-823E-7228DD17C04F}.Release|Any CPU.Build.0 = Release|Any CPU
		{78A558AF-F274-4E3C-95FE-8DE9226E0EBC}.debug eav only|Any CPU.ActiveCfg = debug eav only|Any CPU
		{78A558AF-F274-4E3C-95FE-8DE9226E0EBC}.Debug|Any CPU.ActiveCfg = Debug|Any CPU
		{78A558AF-F274-4E3C-95FE-8DE9226E0EBC}.Debug|Any CPU.Build.0 = Debug|Any CPU
		{78A558AF-F274-4E3C-95FE-8DE9226E0EBC}.Release|Any CPU.ActiveCfg = Release|Any CPU
		{78A558AF-F274-4E3C-95FE-8DE9226E0EBC}.Release|Any CPU.Build.0 = Release|Any CPU
		{D4250011-B9BE-4326-9736-4F0122C79802}.debug eav only|Any CPU.ActiveCfg = debug eav only|Any CPU
		{D4250011-B9BE-4326-9736-4F0122C79802}.Debug|Any CPU.ActiveCfg = Debug|Any CPU
		{D4250011-B9BE-4326-9736-4F0122C79802}.Debug|Any CPU.Build.0 = Debug|Any CPU
		{D4250011-B9BE-4326-9736-4F0122C79802}.Release|Any CPU.ActiveCfg = Release|Any CPU
		{D4250011-B9BE-4326-9736-4F0122C79802}.Release|Any CPU.Build.0 = Release|Any CPU
		{2BBA13D2-F6D2-443B-B7C8-8F4C31432C03}.debug eav only|Any CPU.ActiveCfg = debug eav only|Any CPU
		{2BBA13D2-F6D2-443B-B7C8-8F4C31432C03}.debug eav only|Any CPU.Build.0 = debug eav only|Any CPU
		{2BBA13D2-F6D2-443B-B7C8-8F4C31432C03}.Debug|Any CPU.ActiveCfg = Debug|Any CPU
		{2BBA13D2-F6D2-443B-B7C8-8F4C31432C03}.Debug|Any CPU.Build.0 = Debug|Any CPU
		{2BBA13D2-F6D2-443B-B7C8-8F4C31432C03}.Release|Any CPU.ActiveCfg = Release|Any CPU
		{2BBA13D2-F6D2-443B-B7C8-8F4C31432C03}.Release|Any CPU.Build.0 = Release|Any CPU
		{F989FE10-C84A-4B18-AAA7-4665EC85B059}.debug eav only|Any CPU.ActiveCfg = Debug|Any CPU
		{F989FE10-C84A-4B18-AAA7-4665EC85B059}.debug eav only|Any CPU.Build.0 = Debug|Any CPU
		{F989FE10-C84A-4B18-AAA7-4665EC85B059}.Debug|Any CPU.ActiveCfg = Debug|Any CPU
		{F989FE10-C84A-4B18-AAA7-4665EC85B059}.Debug|Any CPU.Build.0 = Debug|Any CPU
		{F989FE10-C84A-4B18-AAA7-4665EC85B059}.Release|Any CPU.ActiveCfg = Release|Any CPU
		{F989FE10-C84A-4B18-AAA7-4665EC85B059}.Release|Any CPU.Build.0 = Release|Any CPU
	EndGlobalSection
	GlobalSection(SolutionProperties) = preSolution
		HideSolutionNode = FALSE
	EndGlobalSection
	GlobalSection(ExtensibilityGlobals) = postSolution
		EnterpriseLibraryConfigurationToolBinariesPath = packages\Unity.2.1.505.2\lib\NET35;packages\Unity.2.1.505.0\lib\NET35
	EndGlobalSection
EndGlobal
