
Microsoft Visual Studio Solution File, Format Version 12.00
# Visual Studio 15
VisualStudioVersion = 15.0.26228.10
MinimumVisualStudioVersion = 10.0.40219.1
Project("{FAE04EC0-301F-11D3-BF4B-00C04F79EFBC}") = "ToSic.Eav", "ToSic.Eav\ToSic.Eav.csproj", "{CF3B9349-8C66-4901-8EDB-A4EC1D75326B}"
EndProject
Project("{FAE04EC0-301F-11D3-BF4B-00C04F79EFBC}") = "ToSic.Eav.UnitTests", "ToSic.Eav.UnitTests\ToSic.Eav.UnitTests.csproj", "{7BC8FCDD-6381-4ADF-92E2-384D1AADC882}"
EndProject
Project("{FAE04EC0-301F-11D3-BF4B-00C04F79EFBC}") = "ToSic.Eav.Core", "ToSic.Eav.Core\ToSic.Eav.Core.csproj", "{82F94588-269B-4CDD-98D1-D5CB14C39090}"
EndProject
Project("{FAE04EC0-301F-11D3-BF4B-00C04F79EFBC}") = "ToSic.Eav.DataSources", "ToSic.Eav.DataSources\ToSic.Eav.DataSources.csproj", "{DAAE8E21-CA5F-400B-9F5A-5E4E1196B21B}"
EndProject
Project("{FAE04EC0-301F-11D3-BF4B-00C04F79EFBC}") = "ToSic.Eav.ImportExport", "ToSic.Eav.ImportExport\ToSic.Eav.ImportExport.csproj", "{5A75CD35-99F4-4CF0-944A-DC0F5D68B430}"
EndProject
Project("{FAE04EC0-301F-11D3-BF4B-00C04F79EFBC}") = "ToSic.Eav.TokenEngine", "ToSic.Eav.Tokens\ToSic.Eav.TokenEngine.csproj", "{2A81F269-8CCA-4AFD-A85F-82B1C2343965}"
EndProject
Project("{FAE04EC0-301F-11D3-BF4B-00C04F79EFBC}") = "ToSic.Eav.WebApi", "ToSic.Eav.WebApi\ToSic.Eav.WebApi.csproj", "{F93F5FB1-95A6-4C4B-BDCF-B001E82F766F}"
EndProject
Project("{FAE04EC0-301F-11D3-BF4B-00C04F79EFBC}") = "ToSic.Eav.Persistence.EF4", "ToSic.Eav.Persistence.EF4\ToSic.Eav.Persistence.EF4.csproj", "{4A899869-AC44-44A4-8733-395D549F6297}"
EndProject
Project("{FAE04EC0-301F-11D3-BF4B-00C04F79EFBC}") = "ToSic.Eav.Ui", "..\eav\ToSic.Eav.Ui.csproj", "{B0E86C3B-C791-4544-9B81-707F28196680}"
EndProject
Project("{FAE04EC0-301F-11D3-BF4B-00C04F79EFBC}") = "ToSic.Eav.DataSources.Tests", "ToSic.Eav.DataSources.Tests\ToSic.Eav.DataSources.Tests.csproj", "{C212A78C-25BB-4A77-AFBB-B5939352CE36}"
EndProject
Project("{9A19103F-16F7-4668-BE54-9A1E7A4F7556}") = "ToSic.Eav.Persistence.EFC11", "ToSic.Eav.Persistence.EFC11\ToSic.Eav.Persistence.EFC11.csproj", "{BB55DEA4-0869-4C59-836E-D654F4416121}"
EndProject
Project("{FAE04EC0-301F-11D3-BF4B-00C04F79EFBC}") = "ToSic.Eav.Persistence.EFC11.Tests", "ToSic.Eav.Persistence.EFC11.Tests\ToSic.Eav.Persistence.EFC11.Tests.csproj", "{EB8491A7-4147-4A18-AC74-CD1BE957FF48}"
EndProject
Project("{FAE04EC0-301F-11D3-BF4B-00C04F79EFBC}") = "ToSic.Eav.Repository", "ToSic.Eav.Repository\ToSic.Eav.Repository.csproj", "{D6592EF1-B8AF-4B81-B544-792F92038B9E}"
EndProject
Global
	GlobalSection(SolutionConfigurationPlatforms) = preSolution
		Debug|Any CPU = Debug|Any CPU
		Release|Any CPU = Release|Any CPU
	EndGlobalSection
	GlobalSection(ProjectConfigurationPlatforms) = postSolution
		{CF3B9349-8C66-4901-8EDB-A4EC1D75326B}.Debug|Any CPU.ActiveCfg = Debug|Any CPU
		{CF3B9349-8C66-4901-8EDB-A4EC1D75326B}.Debug|Any CPU.Build.0 = Debug|Any CPU
		{CF3B9349-8C66-4901-8EDB-A4EC1D75326B}.Release|Any CPU.ActiveCfg = Release|Any CPU
		{CF3B9349-8C66-4901-8EDB-A4EC1D75326B}.Release|Any CPU.Build.0 = Release|Any CPU
		{7BC8FCDD-6381-4ADF-92E2-384D1AADC882}.Debug|Any CPU.ActiveCfg = Debug|Any CPU
		{7BC8FCDD-6381-4ADF-92E2-384D1AADC882}.Debug|Any CPU.Build.0 = Debug|Any CPU
		{7BC8FCDD-6381-4ADF-92E2-384D1AADC882}.Release|Any CPU.ActiveCfg = Release|Any CPU
		{82F94588-269B-4CDD-98D1-D5CB14C39090}.Debug|Any CPU.ActiveCfg = Debug|Any CPU
		{82F94588-269B-4CDD-98D1-D5CB14C39090}.Debug|Any CPU.Build.0 = Debug|Any CPU
		{82F94588-269B-4CDD-98D1-D5CB14C39090}.Release|Any CPU.ActiveCfg = Release|Any CPU
		{82F94588-269B-4CDD-98D1-D5CB14C39090}.Release|Any CPU.Build.0 = Release|Any CPU
		{DAAE8E21-CA5F-400B-9F5A-5E4E1196B21B}.Debug|Any CPU.ActiveCfg = Debug|Any CPU
		{DAAE8E21-CA5F-400B-9F5A-5E4E1196B21B}.Debug|Any CPU.Build.0 = Debug|Any CPU
		{DAAE8E21-CA5F-400B-9F5A-5E4E1196B21B}.Release|Any CPU.ActiveCfg = Release|Any CPU
		{DAAE8E21-CA5F-400B-9F5A-5E4E1196B21B}.Release|Any CPU.Build.0 = Release|Any CPU
		{5A75CD35-99F4-4CF0-944A-DC0F5D68B430}.Debug|Any CPU.ActiveCfg = Debug|Any CPU
		{5A75CD35-99F4-4CF0-944A-DC0F5D68B430}.Debug|Any CPU.Build.0 = Debug|Any CPU
		{5A75CD35-99F4-4CF0-944A-DC0F5D68B430}.Release|Any CPU.ActiveCfg = Release|Any CPU
		{5A75CD35-99F4-4CF0-944A-DC0F5D68B430}.Release|Any CPU.Build.0 = Release|Any CPU
		{2A81F269-8CCA-4AFD-A85F-82B1C2343965}.Debug|Any CPU.ActiveCfg = Debug|Any CPU
		{2A81F269-8CCA-4AFD-A85F-82B1C2343965}.Debug|Any CPU.Build.0 = Debug|Any CPU
		{2A81F269-8CCA-4AFD-A85F-82B1C2343965}.Release|Any CPU.ActiveCfg = Release|Any CPU
		{2A81F269-8CCA-4AFD-A85F-82B1C2343965}.Release|Any CPU.Build.0 = Release|Any CPU
		{F93F5FB1-95A6-4C4B-BDCF-B001E82F766F}.Debug|Any CPU.ActiveCfg = Debug|Any CPU
		{F93F5FB1-95A6-4C4B-BDCF-B001E82F766F}.Debug|Any CPU.Build.0 = Debug|Any CPU
		{F93F5FB1-95A6-4C4B-BDCF-B001E82F766F}.Release|Any CPU.ActiveCfg = Release|Any CPU
		{F93F5FB1-95A6-4C4B-BDCF-B001E82F766F}.Release|Any CPU.Build.0 = Release|Any CPU
		{4A899869-AC44-44A4-8733-395D549F6297}.Debug|Any CPU.ActiveCfg = Debug|Any CPU
		{4A899869-AC44-44A4-8733-395D549F6297}.Debug|Any CPU.Build.0 = Debug|Any CPU
		{4A899869-AC44-44A4-8733-395D549F6297}.Release|Any CPU.ActiveCfg = Release|Any CPU
		{4A899869-AC44-44A4-8733-395D549F6297}.Release|Any CPU.Build.0 = Release|Any CPU
		{B0E86C3B-C791-4544-9B81-707F28196680}.Debug|Any CPU.ActiveCfg = Debug|Any CPU
		{B0E86C3B-C791-4544-9B81-707F28196680}.Release|Any CPU.ActiveCfg = Release|Any CPU
		{C212A78C-25BB-4A77-AFBB-B5939352CE36}.Debug|Any CPU.ActiveCfg = Debug|Any CPU
		{C212A78C-25BB-4A77-AFBB-B5939352CE36}.Debug|Any CPU.Build.0 = Debug|Any CPU
		{C212A78C-25BB-4A77-AFBB-B5939352CE36}.Release|Any CPU.ActiveCfg = Release|Any CPU
		{BB55DEA4-0869-4C59-836E-D654F4416121}.Debug|Any CPU.ActiveCfg = Debug|Any CPU
		{BB55DEA4-0869-4C59-836E-D654F4416121}.Debug|Any CPU.Build.0 = Debug|Any CPU
		{BB55DEA4-0869-4C59-836E-D654F4416121}.Release|Any CPU.ActiveCfg = Release|Any CPU
		{BB55DEA4-0869-4C59-836E-D654F4416121}.Release|Any CPU.Build.0 = Release|Any CPU
		{EB8491A7-4147-4A18-AC74-CD1BE957FF48}.Debug|Any CPU.ActiveCfg = Debug|Any CPU
		{EB8491A7-4147-4A18-AC74-CD1BE957FF48}.Debug|Any CPU.Build.0 = Debug|Any CPU
		{EB8491A7-4147-4A18-AC74-CD1BE957FF48}.Release|Any CPU.ActiveCfg = Release|Any CPU
		{EB8491A7-4147-4A18-AC74-CD1BE957FF48}.Release|Any CPU.Build.0 = Release|Any CPU
		{D6592EF1-B8AF-4B81-B544-792F92038B9E}.Debug|Any CPU.ActiveCfg = Debug|Any CPU
		{D6592EF1-B8AF-4B81-B544-792F92038B9E}.Debug|Any CPU.Build.0 = Debug|Any CPU
		{D6592EF1-B8AF-4B81-B544-792F92038B9E}.Release|Any CPU.ActiveCfg = Release|Any CPU
		{D6592EF1-B8AF-4B81-B544-792F92038B9E}.Release|Any CPU.Build.0 = Release|Any CPU
	EndGlobalSection
	GlobalSection(SolutionProperties) = preSolution
		HideSolutionNode = FALSE
	EndGlobalSection
	GlobalSection(ExtensibilityGlobals) = postSolution
		EnterpriseLibraryConfigurationToolBinariesPath = packages\Unity.2.1.505.2\lib\NET35
	EndGlobalSection
EndGlobal
